
Microsoft Visual Studio Solution File, Format Version 12.00
# Visual Studio Version 17
VisualStudioVersion = 17.13.35931.197 d17.13
MinimumVisualStudioVersion = 10.0.40219.1
Project("{2150E333-8FDC-42A3-9474-1A3956D46DE8}") = "src", "src", "{02EA681E-C7D8-13C7-8484-4AC65E1B71E8}"
EndProject
Project("{2150E333-8FDC-42A3-9474-1A3956D46DE8}") = "tests", "tests", "{CD61B0E9-95BF-4563-8671-52CBEB1F2930}"
EndProject
Project("{FAE04EC0-301F-11D3-BF4B-00C04F79EFBC}") = "EasyGroceries.E-Commerce.Api", "EasyGroceries.E-Commerce.Api\EasyGroceries.E-Commerce.Api.csproj", "{0E16BF70-52DC-4F6B-9400-90167716E5C0}"
EndProject
Project("{FAE04EC0-301F-11D3-BF4B-00C04F79EFBC}") = "EasyGroceries.E-Commerce.Api.Tests", "EasyGroceries.E-Commerce.Api.Tests\EasyGroceries.E-Commerce.Api.Tests.csproj", "{63DD0B46-E43A-4022-A083-8620F9467D34}"
EndProject
Global
	GlobalSection(SolutionConfigurationPlatforms) = preSolution
		Debug|Any CPU = Debug|Any CPU
		Release|Any CPU = Release|Any CPU
	EndGlobalSection
	GlobalSection(ProjectConfigurationPlatforms) = postSolution
		{0E16BF70-52DC-4F6B-9400-90167716E5C0}.Debug|Any CPU.ActiveCfg = Debug|Any CPU
		{0E16BF70-52DC-4F6B-9400-90167716E5C0}.Debug|Any CPU.Build.0 = Debug|Any CPU
		{0E16BF70-52DC-4F6B-9400-90167716E5C0}.Release|Any CPU.ActiveCfg = Release|Any CPU
		{0E16BF70-52DC-4F6B-9400-90167716E5C0}.Release|Any CPU.Build.0 = Release|Any CPU
		{63DD0B46-E43A-4022-A083-8620F9467D34}.Debug|Any CPU.ActiveCfg = Debug|Any CPU
		{63DD0B46-E43A-4022-A083-8620F9467D34}.Debug|Any CPU.Build.0 = Debug|Any CPU
		{63DD0B46-E43A-4022-A083-8620F9467D34}.Release|Any CPU.ActiveCfg = Release|Any CPU
		{63DD0B46-E43A-4022-A083-8620F9467D34}.Release|Any CPU.Build.0 = Release|Any CPU
	EndGlobalSection
	GlobalSection(SolutionProperties) = preSolution
		HideSolutionNode = FALSE
	EndGlobalSection
	GlobalSection(NestedProjects) = preSolution
		{0E16BF70-52DC-4F6B-9400-90167716E5C0} = {02EA681E-C7D8-13C7-8484-4AC65E1B71E8}
		{63DD0B46-E43A-4022-A083-8620F9467D34} = {CD61B0E9-95BF-4563-8671-52CBEB1F2930}
	EndGlobalSection
	GlobalSection(ExtensibilityGlobals) = postSolution
		SolutionGuid = {B4BEF91A-E217-455A-AE42-FCAC51D8B207}
	EndGlobalSection
EndGlobal
